
Microsoft Visual Studio Solution File, Format Version 12.00
# Visual Studio Version 17
VisualStudioVersion = 17.5.33627.172
MinimumVisualStudioVersion = 10.0.40219.1
Project("{FAE04EC0-301F-11D3-BF4B-00C04F79EFBC}") = "Ftp索引", "Ftp索引\Ftp索引.csproj", "{A65FB595-A4DD-4785-9005-B9FCD544238A}"
EndProject
Project("{2150E333-8FDC-42A3-9474-1A3956D46DE8}") = "解决方案项", "解决方案项", "{9BCE6061-FDD3-48FA-A01E-2CEEFE42DE03}"
EndProject
Global
	GlobalSection(SolutionConfigurationPlatforms) = preSolution
		Debug|Any CPU = Debug|Any CPU
		Release|Any CPU = Release|Any CPU
	EndGlobalSection
	GlobalSection(ProjectConfigurationPlatforms) = postSolution
		{A65FB595-A4DD-4785-9005-B9FCD544238A}.Debug|Any CPU.ActiveCfg = Debug|Any CPU
		{A65FB595-A4DD-4785-9005-B9FCD544238A}.Debug|Any CPU.Build.0 = Debug|Any CPU
		{A65FB595-A4DD-4785-9005-B9FCD544238A}.Release|Any CPU.ActiveCfg = Release|Any CPU
		{A65FB595-A4DD-4785-9005-B9FCD544238A}.Release|Any CPU.Build.0 = Release|Any CPU
	EndGlobalSection
	GlobalSection(SolutionProperties) = preSolution
		HideSolutionNode = FALSE
	EndGlobalSection
	GlobalSection(ExtensibilityGlobals) = postSolution
		SolutionGuid = {29062F84-0A83-4F35-BA9A-E360F74DBB41}
	EndGlobalSection
EndGlobal
